{
  "name": "spa",
  "version": "1.0.0",
  "lockfileVersion": 1,
  "requires": true,
  "dependencies": {
    "blinc": {
      "version": "1.0.0",
      "resolved": "https://registry.npmjs.org/blinc/-/blinc-1.0.0.tgz",
      "integrity": "sha512-OU95nBd1gIv89I+mZe5HnqJ5IiEYxikcSLOrCdnGyD9XGbZtoLop3dpo37m6TVaUNRVsws0JtmUUXUyw5XFz4w=="
    }
  }
}
